
Microsoft Visual Studio Solution File, Format Version 12.00
# Visual Studio Version 16
VisualStudioVersion = 16.0.29509.3
MinimumVisualStudioVersion = 10.0.40219.1
Project("{159641D6-6404-4A2A-AE62-294DE0FE8301}") = "Integration Services Project2", "Integration Services Project2\Integration Services Project2.dtproj", "{DC522453-8F6D-4EA4-A9E8-8F1621902CC8}"
EndProject
Project("{FAE04EC0-301F-11D3-BF4B-00C04F79EFBC}") = "ConsoleApp1", "ConsoleApp1\ConsoleApp1.csproj", "{13B0B939-FAD2-42D4-83B5-75BF6877FEC9}"
EndProject
Global
	GlobalSection(SolutionConfigurationPlatforms) = preSolution
		Debug|Any CPU = Debug|Any CPU
		Development|Any CPU = Development|Any CPU
		Release|Any CPU = Release|Any CPU
	EndGlobalSection
	GlobalSection(ProjectConfigurationPlatforms) = postSolution
		{DC522453-8F6D-4EA4-A9E8-8F1621902CC8}.Debug|Any CPU.ActiveCfg = Development
		{DC522453-8F6D-4EA4-A9E8-8F1621902CC8}.Debug|Any CPU.Build.0 = Development
		{DC522453-8F6D-4EA4-A9E8-8F1621902CC8}.Development|Any CPU.ActiveCfg = Development
		{DC522453-8F6D-4EA4-A9E8-8F1621902CC8}.Development|Any CPU.Build.0 = Development
		{DC522453-8F6D-4EA4-A9E8-8F1621902CC8}.Release|Any CPU.ActiveCfg = Development
		{DC522453-8F6D-4EA4-A9E8-8F1621902CC8}.Release|Any CPU.Build.0 = Development
		{13B0B939-FAD2-42D4-83B5-75BF6877FEC9}.Debug|Any CPU.ActiveCfg = Debug|Any CPU
		{13B0B939-FAD2-42D4-83B5-75BF6877FEC9}.Debug|Any CPU.Build.0 = Debug|Any CPU
		{13B0B939-FAD2-42D4-83B5-75BF6877FEC9}.Development|Any CPU.ActiveCfg = Debug|Any CPU
		{13B0B939-FAD2-42D4-83B5-75BF6877FEC9}.Development|Any CPU.Build.0 = Debug|Any CPU
		{13B0B939-FAD2-42D4-83B5-75BF6877FEC9}.Release|Any CPU.ActiveCfg = Release|Any CPU
		{13B0B939-FAD2-42D4-83B5-75BF6877FEC9}.Release|Any CPU.Build.0 = Release|Any CPU
	EndGlobalSection
	GlobalSection(SolutionProperties) = preSolution
		HideSolutionNode = FALSE
	EndGlobalSection
	GlobalSection(ExtensibilityGlobals) = postSolution
		SolutionGuid = {BE54D1BB-A46B-40CA-94B5-F22A2885539C}
	EndGlobalSection
EndGlobal
